Microsoft Visual Studio Solution File, Format Version 12.00
# Visual Studio Version 17
VisualStudioVersion = 17.5.2.0
MinimumVisualStudioVersion = 10.0.40219.1
Project("{FAE04EC0-301F-11D3-BF4B-00C04F79EFBC}") = "Company.Valuation", "company-valuation-app\Company.Valuation.csproj", "{D6C6B3D8-32BD-9AD6-3AD3-76410322EFF5}"
EndProject
Global
	GlobalSection(SolutionConfigurationPlatforms) = preSolution
		Debug|Any CPU = Debug|Any CPU
		Release|Any CPU = Release|Any CPU
	EndGlobalSection
	GlobalSection(ProjectConfigurationPlatforms) = postSolution
		{D6C6B3D8-32BD-9AD6-3AD3-76410322EFF5}.Debug|Any CPU.ActiveCfg = Debug|Any CPU
		{D6C6B3D8-32BD-9AD6-3AD3-76410322EFF5}.Debug|Any CPU.Build.0 = Debug|Any CPU
		{D6C6B3D8-32BD-9AD6-3AD3-76410322EFF5}.Release|Any CPU.ActiveCfg = Release|Any CPU
		{D6C6B3D8-32BD-9AD6-3AD3-76410322EFF5}.Release|Any CPU.Build.0 = Release|Any CPU
	EndGlobalSection
	GlobalSection(SolutionProperties) = preSolution
		HideSolutionNode = FALSE
	EndGlobalSection
	GlobalSection(ExtensibilityGlobals) = postSolution
		SolutionGuid = {17F3E8DF-767A-40A1-A345-4855A6C15355}
	EndGlobalSection
EndGlobal
